PODS:
  - AKMaskField (2.0.3)
  - AKNumericFormatter (0.0.2)
  - Alamofire (4.6.0)
  - ALLoadingView (1.1.4)
  - BEMCheckBox (1.4.1)
  - Bolts (1.9.0):
    - Bolts/AppLinks (= 1.9.0)
    - Bolts/Tasks (= 1.9.0)
  - Bolts/AppLinks (1.9.0):
    - Bolts/Tasks
  - Bolts/Tasks (1.9.0)
  - DZNEmptyDataSet (1.8.1)
  - FacebookCore (0.3.0):
    - Bolts (~> 1.8)
    - FBSDKCoreKit (~> 4.27)
  - FacebookLogin (0.3.0):
    - Bolts (~> 1.8)
    - FacebookCore (~> 0.3)
    - FBSDKCoreKit (~> 4.27)
    - FBSDKLoginKit (~> 4.27)
  - FBSDKCoreKit (4.29.0):
    - Bolts (~> 1.7)
  - FBSDKLoginKit (4.29.0):
    - FBSDKCoreKit
  - FLAnimatedImage (1.0.12)
  - IQKeyboardManager (5.0.7)
  - Mantle (2.1.0):
    - Mantle/extobjc (= 2.1.0)
  - Mantle/extobjc (2.1.0)
  - Pageboy (2.3.1)
  - PINCache (2.3)
  - PINRemoteImage (2.1.4):
    - PINRemoteImage/FLAnimatedImage (= 2.1.4)
  - PINRemoteImage/Core (2.1.4):
    - PINCache (>= 2.1)
  - PINRemoteImage/FLAnimatedImage (2.1.4):
    - FLAnimatedImage (>= 1.0)
    - PINRemoteImage/Core
  - RateView (1.2)
  - Realm (3.0.2):
    - Realm/Headers (= 3.0.2)
  - Realm/Headers (3.0.2)
  - RealmSwift (3.0.2):
    - Realm (= 3.0.2)
  - SideMenu (3.1.5)

DEPENDENCIES:
  - AKMaskField (from `https://github.com/DRybochkin/AKMaskField.git`, branch `master`)
  - AKNumericFormatter
  - Alamofire (~> 4.5)
  - ALLoadingView (~> 1.1)
  - BEMCheckBox
  - DZNEmptyDataSet
  - FacebookCore
  - FacebookLogin
  - IQKeyboardManager
  - Mantle
  - Pageboy
  - PINRemoteImage
  - RateView
  - RealmSwift
  - SideMenu

EXTERNAL SOURCES:
  AKMaskField:
    :branch: master
    :git: https://github.com/DRybochkin/AKMaskField.git

CHECKOUT OPTIONS:
  AKMaskField:
    :commit: ead50bea687b36937965df67ad0cd397ed9a8355
    :git: https://github.com/DRybochkin/AKMaskField.git

SPEC CHECKSUMS:
  AKMaskField: 859c9ca3b8acfdfbf0834c016329a92a306b78aa
  AKNumericFormatter: de969ab13c504dca7aa119b558a934ccdbd1e376
  Alamofire: f41a599bd63041760b26d393ec1069d9d7b917f4
  ALLoadingView: 86aea5ee564f034296e76a49f53779e0a85fe846
  BEMCheckBox: 5ba6e37ade3d3657b36caecc35c8b75c6c2b1a4e
  Bolts: ac6567323eac61e203f6a9763667d0f711be34c8
  DZNEmptyDataSet: 9525833b9e68ac21c30253e1d3d7076cc828eaa7
  FacebookCore: 3ffa190a3f1f96cec0e44d3fc221bc322c595ffa
  FacebookLogin: 0af839ea858faef99550d16596b87b4a8e8906e6
  FBSDKCoreKit: 6f139173dc63a1deaff4430a55f2fe5bb222d2af
  FBSDKLoginKit: 56a057ca6822535ea0faa25f57a7c41edb697fd4
  FLAnimatedImage: 4a0b56255d9b05f18b6dd7ee06871be5d3b89e31
  IQKeyboardManager: 0bfa4607d39924116b5c0c8b55b5d789288b5cba
  Mantle: 2fa750afa478cd625a94230fbf1c13462f29395b
  Pageboy: 761f33cb03c8ef27c69b803be1bccd04b71c80d1
  PINCache: ce36ed282031b92fc7733ffe831f474ff80fddc2
  PINRemoteImage: 4ac4011c5caefd6befd99758e09becede05d3226
  RateView: d4d12e9bb76dc23a77a56f4e5c5fb530a3f3f998
  Realm: 6f23fd1f178a09342eac21bfa7c2bf4312a7a180
  RealmSwift: 695393add1b8f9d5fa75dd16e6355cf3935f71e2
  SideMenu: 47dbf9e4d878062d8994aed43f6e4bf6c1fea30b

PODFILE CHECKSUM: 55daaab9bc24a0ce9724b70f6e2da9e486df998b

COCOAPODS: 1.3.1
